<?xml version="1.0" encoding="utf-8"?>
<Project ToolsVersion="4.0" xmlns="http://schemas.microsoft.com/developer/msbuild/2003">
  <ItemGroup>
    <ClCompile Include="..\src\BotAssert.cpp">
      <Filter>common</Filter>
    </ClCompile>
    <ClCompile Include="..\src\BaseLocationManager.cpp">
      <Filter>global</Filter>
    </ClCompile>
    <ClCompile Include="..\src\BotConfig.cpp">
      <Filter>global</Filter>
    </ClCompile>
    <ClCompile Include="..\src\MapTools.cpp">
      <Filter>global</Filter>
    </ClCompile>
    <ClCompile Include="..\src\StrategyManager.cpp">
      <Filter>global</Filter>
    </ClCompile>
    <ClCompile Include="..\src\UnitInfoManager.cpp">
      <Filter>global</Filter>
    </ClCompile>
    <ClCompile Include="..\src\WorkerManager.cpp">
      <Filter>global</Filter>
    </ClCompile>
    <ClCompile Include="..\src\BaseLocation.cpp">
      <Filter>macro</Filter>
    </ClCompile>
    <ClCompile Include="..\src\Building.cpp">
      <Filter>macro</Filter>
    </ClCompile>
    <ClCompile Include="..\src\BuildingData.cpp">
      <Filter>macro</Filter>
    </ClCompile>
    <ClCompile Include="..\src\BuildingManager.cpp">
      <Filter>macro</Filter>
    </ClCompile>
    <ClCompile Include="..\src\BuildingPlacer.cpp">
      <Filter>macro</Filter>
    </ClCompile>
    <ClCompile Include="..\src\BuildOrder.cpp">
      <Filter>macro</Filter>
    </ClCompile>
    <ClCompile Include="..\src\BuildOrderQueue.cpp">
      <Filter>macro</Filter>
    </ClCompile>
    <ClCompile Include="..\src\MetaType.cpp">
      <Filter>macro</Filter>
    </ClCompile>
    <ClCompile Include="..\src\ProductionManager.cpp">
      <Filter>macro</Filter>
    </ClCompile>
    <ClCompile Include="..\src\WorkerData.cpp">
      <Filter>macro</Filter>
    </ClCompile>
    <ClCompile Include="..\src\CombatCommander.cpp">
      <Filter>micro</Filter>
    </ClCompile>
    <ClCompile Include="..\src\MeleeManager.cpp">
      <Filter>micro</Filter>
    </ClCompile>
    <ClCompile Include="..\src\MicroManager.cpp">
      <Filter>micro</Filter>
    </ClCompile>
    <ClCompile Include="..\src\RangedManager.cpp">
      <Filter>micro</Filter>
    </ClCompile>
    <ClCompile Include="..\src\ScoutManager.cpp">
      <Filter>micro</Filter>
    </ClCompile>
    <ClCompile Include="..\src\Squad.cpp">
      <Filter>micro</Filter>
    </ClCompile>
    <ClCompile Include="..\src\SquadData.cpp">
      <Filter>micro</Filter>
    </ClCompile>
    <ClCompile Include="..\src\SquadOrder.cpp">
      <Filter>micro</Filter>
    </ClCompile>
    <ClCompile Include="..\src\DistanceMap.cpp">
      <Filter>util</Filter>
    </ClCompile>
    <ClCompile Include="..\src\JSONTools.cpp">
      <Filter>util</Filter>
    </ClCompile>
    <ClCompile Include="..\src\TechTree.cpp">
      <Filter>util</Filter>
    </ClCompile>
    <ClCompile Include="..\src\Unit.cpp">
      <Filter>util</Filter>
    </ClCompile>
    <ClCompile Include="..\src\UnitData.cpp">
      <Filter>util</Filter>
    </ClCompile>
    <ClCompile Include="..\src\UnitType.cpp">
      <Filter>util</Filter>
    </ClCompile>
    <ClCompile Include="..\src\Util.cpp">
      <Filter>util</Filter>
    </ClCompile>
    <ClCompile Include="..\src\CCBot.cpp" />
    <ClCompile Include="..\src\GameCommander.cpp" />
    <ClCompile Include="..\src\main_bwapi.cpp" />
  </ItemGroup>
  <ItemGroup>
    <Filter Include="common">
      <UniqueIdentifier>{7f12d124-4be2-406b-9db6-0c2bd18bc6cb}</UniqueIdentifier>
    </Filter>
    <Filter Include="global">
      <UniqueIdentifier>{1f30c109-7b28-48fc-972e-e5d85f242e96}</UniqueIdentifier>
    </Filter>
    <Filter Include="macro">
      <UniqueIdentifier>{c60bb387-8e22-4605-8035-883e5742c911}</UniqueIdentifier>
    </Filter>
    <Filter Include="micro">
      <UniqueIdentifier>{68539b42-7776-4f72-a9ff-ac11239abe1e}</UniqueIdentifier>
    </Filter>
    <Filter Include="util">
      <UniqueIdentifier>{615ef66e-4eef-42da-a25c-e8a690a62ba6}</UniqueIdentifier>
    </Filter>
  </ItemGroup>
  <ItemGroup>
    <ClInclude Include="..\src\BotAssert.h">
      <Filter>common</Filter>
    </ClInclude>
    <ClInclude Include="..\src\Common.h">
      <Filter>common</Filter>
    </ClInclude>
    <ClInclude Include="..\src\BaseLocationManager.h">
      <Filter>global</Filter>
    </ClInclude>
    <ClInclude Include="..\src\BotConfig.h">
      <Filter>global</Filter>
    </ClInclude>
    <ClInclude Include="..\src\MapTools.h">
      <Filter>global</Filter>
    </ClInclude>
    <ClInclude Include="..\src\StrategyManager.h">
      <Filter>global</Filter>
    </ClInclude>
    <ClInclude Include="..\src\UnitInfoManager.h">
      <Filter>global</Filter>
    </ClInclude>
    <ClInclude Include="..\src\WorkerManager.h">
      <Filter>global</Filter>
    </ClInclude>
    <ClInclude Include="..\src\BaseLocation.h">
      <Filter>macro</Filter>
    </ClInclude>
    <ClInclude Include="..\src\Building.h">
      <Filter>macro</Filter>
    </ClInclude>
    <ClInclude Include="..\src\BuildingData.h">
      <Filter>macro</Filter>
    </ClInclude>
    <ClInclude Include="..\src\BuildingManager.h">
      <Filter>macro</Filter>
    </ClInclude>
    <ClInclude Include="..\src\BuildingPlacer.h">
      <Filter>macro</Filter>
    </ClInclude>
    <ClInclude Include="..\src\BuildOrder.h">
      <Filter>macro</Filter>
    </ClInclude>
    <ClInclude Include="..\src\BuildOrderQueue.h">
      <Filter>macro</Filter>
    </ClInclude>
    <ClInclude Include="..\src\MetaType.h">
      <Filter>macro</Filter>
    </ClInclude>
    <ClInclude Include="..\src\ProductionManager.h">
      <Filter>macro</Filter>
    </ClInclude>
    <ClInclude Include="..\src\WorkerData.h">
      <Filter>macro</Filter>
    </ClInclude>
    <ClInclude Include="..\src\CombatCommander.h">
      <Filter>micro</Filter>
    </ClInclude>
    <ClInclude Include="..\src\MeleeManager.h">
      <Filter>micro</Filter>
    </ClInclude>
    <ClInclude Include="..\src\MicroManager.h">
      <Filter>micro</Filter>
    </ClInclude>
    <ClInclude Include="..\src\RangedManager.h">
      <Filter>micro</Filter>
    </ClInclude>
    <ClInclude Include="..\src\ScoutManager.h">
      <Filter>micro</Filter>
    </ClInclude>
    <ClInclude Include="..\src\Squad.h">
      <Filter>micro</Filter>
    </ClInclude>
    <ClInclude Include="..\src\SquadData.h">
      <Filter>micro</Filter>
    </ClInclude>
    <ClInclude Include="..\src\SquadOrder.h">
      <Filter>micro</Filter>
    </ClInclude>
    <ClInclude Include="..\src\DistanceMap.h">
      <Filter>util</Filter>
    </ClInclude>
    <ClInclude Include="..\src\JSONTools.h">
      <Filter>util</Filter>
    </ClInclude>
    <ClInclude Include="..\src\TechTree.h">
      <Filter>util</Filter>
    </ClInclude>
    <ClInclude Include="..\src\Timer.hpp">
      <Filter>util</Filter>
    </ClInclude>
    <ClInclude Include="..\src\Unit.h">
      <Filter>util</Filter>
    </ClInclude>
    <ClInclude Include="..\src\UnitData.h">
      <Filter>util</Filter>
    </ClInclude>
    <ClInclude Include="..\src\UnitType.h">
      <Filter>util</Filter>
    </ClInclude>
    <ClInclude Include="..\src\Util.h">
      <Filter>util</Filter>
    </ClInclude>
    <ClInclude Include="..\src\CCBot.h" />
    <ClInclude Include="..\src\GameCommander.h" />
  </ItemGroup>
</Project>